// !$*UTF8*$!
{
	archiveVersion = 1;
	classes = {
	};
	objectVersion = 46;
	objects = {

/* Begin PBXBuildFile section */
		22B1C848199E63F0000090AF /* AppDelegate.m in Sources */ = {isa = PBXBuildFile; fileRef = 22B1C847199E63EF000090AF /* AppDelegate.m */; };
		22B1C84B199E63F7000090AF /* ViewController.m in Sources */ = {isa = PBXBuildFile; fileRef = 22B1C84A199E63F7000090AF /* ViewController.m */; };
		22B1C850199E6411000090AF /* Images.xcassets in Resources */ = {isa = PBXBuildFile; fileRef = 22B1C84F199E6411000090AF /* Images.xcassets */; };
		22B1C854199E6428000090AF /* main.m in Sources */ = {isa = PBXBuildFile; fileRef = 22B1C852199E6428000090AF /* main.m */; };
		22B1C858199E676D000090AF /* Main~iPhone.storyboard in Resources */ = {isa = PBXBuildFile; fileRef = 22B1C857199E676D000090AF /* Main~iPhone.storyboard */; };
		22B1C85E199E690D000090AF /* TOActivityChrome.m in Sources */ = {isa = PBXBuildFile; fileRef = 22B1C85B199E690D000090AF /* TOActivityChrome.m */; };
		22B1C85F199E690D000090AF /* TOActivitySafari.m in Sources */ = {isa = PBXBuildFile; fileRef = 22B1C85D199E690D000090AF /* TOActivitySafari.m */; };
		89CB98791B12DD9B00C87160 /* TOBrowserActivityKit.h in Headers */ = {isa = PBXBuildFile; fileRef = 89CB98781B12DD9B00C87160 /* TOBrowserActivityKit.h */; settings = {ATTRIBUTES = (Public, ); }; };
		89CB988D1B12DDE600C87160 /* TOActivitySafari.m in Sources */ = {isa = PBXBuildFile; fileRef = 22B1C85D199E690D000090AF /* TOActivitySafari.m */; };
		89CB988E1B12DDE900C87160 /* TOActivityChrome.m in Sources */ = {isa = PBXBuildFile; fileRef = 22B1C85B199E690D000090AF /* TOActivityChrome.m */; };
		89CB988F1B12DDEB00C87160 /* TOActivitySafari.h in Headers */ = {isa = PBXBuildFile; fileRef = 22B1C85C199E690D000090AF /* TOActivitySafari.h */; settings = {ATTRIBUTES = (Public, ); }; };
		89CB98901B12DDF000C87160 /* TOActivityChrome.h in Headers */ = {isa = PBXBuildFile; fileRef = 22B1C85A199E690D000090AF /* TOActivityChrome.h */; settings = {ATTRIBUTES = (Public, ); }; };
/* End PBXBuildFile section */

/* Begin PBXFileReference section */
		22B1C820199E636C000090AF /* TOBrowserActivityKitExample.app */ = {isa = PBXFileReference; explicitFileType = wrapper.application; includeInIndex = 0; path = TOBrowserActivityKitExample.app; sourceTree = BUILT_PRODUCTS_DIR; };
		22B1C846199E63EF000090AF /* AppDelegate.h */ = {isa = PBXFileReference; fileEncoding = 4; lastKnownFileType = sourcecode.c.h; name = AppDelegate.h; path = TOBrowserActivityKitExample/AppDelegate.h; sourceTree = SOURCE_ROOT; };
		22B1C847199E63EF000090AF /* AppDelegate.m */ = {isa = PBXFileReference; fileEncoding = 4; lastKnownFileType = sourcecode.c.objc; name = AppDelegate.m; path = TOBrowserActivityKitExample/AppDelegate.m; sourceTree = SOURCE_ROOT; };
		22B1C849199E63F7000090AF /* ViewController.h */ = {isa = PBXFileReference; fileEncoding = 4; lastKnownFileType = sourcecode.c.h; name = ViewController.h; path = TOBrowserActivityKitExample/ViewController.h; sourceTree = SOURCE_ROOT; };
		22B1C84A199E63F7000090AF /* ViewController.m */ = {isa = PBXFileReference; fileEncoding = 4; lastKnownFileType = sourcecode.c.objc; name = ViewController.m; path = TOBrowserActivityKitExample/ViewController.m; sourceTree = SOURCE_ROOT; };
		22B1C84F199E6411000090AF /* Images.xcassets */ = {isa = PBXFileReference; lastKnownFileType = folder.assetcatalog; name = Images.xcassets; path = TOBrowserActivityKitExample/Images.xcassets; sourceTree = SOURCE_ROOT; };
		22B1C851199E6428000090AF /* Info.plist */ = {isa = PBXFileReference; fileEncoding = 4; lastKnownFileType = text.plist.xml; name = Info.plist; path = TOBrowserActivityKitExample/Info.plist; sourceTree = SOURCE_ROOT; };
		22B1C852199E6428000090AF /* main.m */ = {isa = PBXFileReference; fileEncoding = 4; lastKnownFileType = sourcecode.c.objc; name = main.m; path = TOBrowserActivityKitExample/main.m; sourceTree = SOURCE_ROOT; };
		22B1C857199E676D000090AF /* Main~iPhone.storyboard */ = {isa = PBXFileReference; fileEncoding = 4; lastKnownFileType = file.storyboard; name = "Main~iPhone.storyboard"; path = "TOBrowserActivityKitExample/Main~iPhone.storyboard"; sourceTree = SOURCE_ROOT; };
		22B1C85A199E690D000090AF /* TOActivityChrome.h */ = {isa = PBXFileReference; fileEncoding = 4; lastKnownFileType = sourcecode.c.h; path = TOActivityChrome.h; sourceTree = "<group>"; };
		22B1C85B199E690D000090AF /* TOActivityChrome.m */ = {isa = PBXFileReference; fileEncoding = 4; lastKnownFileType = sourcecode.c.objc; path = TOActivityChrome.m; sourceTree = "<group>"; };
		22B1C85C199E690D000090AF /* TOActivitySafari.h */ = {isa = PBXFileReference; fileEncoding = 4; lastKnownFileType = sourcecode.c.h; path = TOActivitySafari.h; sourceTree = "<group>"; };
		22B1C85D199E690D000090AF /* TOActivitySafari.m */ = {isa = PBXFileReference; fileEncoding = 4; lastKnownFileType = sourcecode.c.objc; path = TOActivitySafari.m; sourceTree = "<group>"; };
		89CB98741B12DD9B00C87160 /* TOBrowserActivityKit.framework */ = {isa = PBXFileReference; explicitFileType = wrapper.framework; includeInIndex = 0; path = TOBrowserActivityKit.framework; sourceTree = BUILT_PRODUCTS_DIR; };
		89CB98771B12DD9B00C87160 /* Info.plist */ = {isa = PBXFileReference; lastKnownFileType = text.plist.xml; path = Info.plist; sourceTree = "<group>"; };
		89CB98781B12DD9B00C87160 /* TOBrowserActivityKit.h */ = {isa = PBXFileReference; lastKnownFileType = sourcecode.c.h; path = TOBrowserActivityKit.h; sourceTree = "<group>"; };
/* End PBXFileReference section */

/* Begin PBXFrameworksBuildPhase section */
		22B1C81D199E636C000090AF /* Frameworks */ = {
			isa = PBXFrameworksBuildPhase;
			buildActionMask = 2147483647;
			files = (
			);
			runOnlyForDeploymentPostprocessing = 0;
		};
		89CB98701B12DD9B00C87160 /* Frameworks */ = {
			isa = PBXFrameworksBuildPhase;
			buildActionMask = 2147483647;
			files = (
			);
			runOnlyForDeploymentPostprocessing = 0;
		};
/* End PBXFrameworksBuildPhase section */

/* Begin PBXGroup section */
		22B1C817199E636C000090AF = {
			isa = PBXGroup;
			children = (
				22B1C859199E690D000090AF /* TOBrowserActivityKit */,
				22B1C822199E636C000090AF /* TOBrowserActivityKitExample */,
				89CB98751B12DD9B00C87160 /* TOBrowserActivityKit-Framework */,
				22B1C821199E636C000090AF /* Products */,
			);
			sourceTree = "<group>";
		};
		22B1C821199E636C000090AF /* Products */ = {
			isa = PBXGroup;
			children = (
				22B1C820199E636C000090AF /* TOBrowserActivityKitExample.app */,
				89CB98741B12DD9B00C87160 /* TOBrowserActivityKit.framework */,
			);
			name = Products;
			sourceTree = "<group>";
		};
		22B1C822199E636C000090AF /* TOBrowserActivityKitExample */ = {
			isa = PBXGroup;
			children = (
				22B1C846199E63EF000090AF /* AppDelegate.h */,
				22B1C847199E63EF000090AF /* AppDelegate.m */,
				22B1C849199E63F7000090AF /* ViewController.h */,
				22B1C84A199E63F7000090AF /* ViewController.m */,
				22B1C857199E676D000090AF /* Main~iPhone.storyboard */,
				22B1C84F199E6411000090AF /* Images.xcassets */,
				22B1C823199E636C000090AF /* Supporting Files */,
			);
			name = TOBrowserActivityKitExample;
			path = TOBrowserActivityKit;
			sourceTree = "<group>";
		};
		22B1C823199E636C000090AF /* Supporting Files */ = {
			isa = PBXGroup;
			children = (
				22B1C851199E6428000090AF /* Info.plist */,
				22B1C852199E6428000090AF /* main.m */,
			);
			name = "Supporting Files";
			sourceTree = "<group>";
		};
		22B1C859199E690D000090AF /* TOBrowserActivityKit */ = {
			isa = PBXGroup;
			children = (
				22B1C85A199E690D000090AF /* TOActivityChrome.h */,
				22B1C85B199E690D000090AF /* TOActivityChrome.m */,
				22B1C85C199E690D000090AF /* TOActivitySafari.h */,
				22B1C85D199E690D000090AF /* TOActivitySafari.m */,
			);
			path = TOBrowserActivityKit;
			sourceTree = "<group>";
		};
		89CB98751B12DD9B00C87160 /* TOBrowserActivityKit-Framework */ = {
			isa = PBXGroup;
			children = (
				89CB98781B12DD9B00C87160 /* TOBrowserActivityKit.h */,
				89CB98761B12DD9B00C87160 /* Supporting Files */,
			);
			name = "TOBrowserActivityKit-Framework";
			path = TOBrowserActivityKit;
			sourceTree = "<group>";
		};
		89CB98761B12DD9B00C87160 /* Supporting Files */ = {
			isa = PBXGroup;
			children = (
				89CB98771B12DD9B00C87160 /* Info.plist */,
			);
			name = "Supporting Files";
			sourceTree = "<group>";
		};
/* End PBXGroup section */

/* Begin PBXHeadersBuildPhase section */
		89CB98711B12DD9B00C87160 /* Headers */ = {
			isa = PBXHeadersBuildPhase;
			buildActionMask = 2147483647;
			files = (
				89CB988F1B12DDEB00C87160 /* TOActivitySafari.h in Headers */,
				89CB98901B12DDF000C87160 /* TOActivityChrome.h in Headers */,
				89CB98791B12DD9B00C87160 /* TOBrowserActivityKit.h in Headers */,
			);
			runOnlyForDeploymentPostprocessing = 0;
		};
/* End PBXHeadersBuildPhase section */

/* Begin PBXNativeTarget section */
		22B1C81F199E636C000090AF /* TOBrowserActivityKitExample */ = {
			isa = PBXNativeTarget;
			buildConfigurationList = 22B1C840199E636C000090AF /* Build configuration list for PBXNativeTarget "TOBrowserActivityKitExample" */;
			buildPhases = (
				22B1C81C199E636C000090AF /* Sources */,
				22B1C81D199E636C000090AF /* Frameworks */,
				22B1C81E199E636C000090AF /* Resources */,
			);
			buildRules = (
			);
			dependencies = (
			);
			name = TOBrowserActivityKitExample;
			productName = TOBrowserActivityKit;
			productReference = 22B1C820199E636C000090AF /* TOBrowserActivityKitExample.app */;
			productType = "com.apple.product-type.application";
		};
		89CB98731B12DD9B00C87160 /* TOBrowserActivityKit */ = {
			isa = PBXNativeTarget;
			buildConfigurationList = 89CB988B1B12DD9B00C87160 /* Build configuration list for PBXNativeTarget "TOBrowserActivityKit" */;
			buildPhases = (
				89CB986F1B12DD9B00C87160 /* Sources */,
				89CB98701B12DD9B00C87160 /* Frameworks */,
				89CB98711B12DD9B00C87160 /* Headers */,
				89CB98721B12DD9B00C87160 /* Resources */,
			);
			buildRules = (
			);
			dependencies = (
			);
			name = TOBrowserActivityKit;
			productName = TOBrowserActivityKit;
			productReference = 89CB98741B12DD9B00C87160 /* TOBrowserActivityKit.framework */;
			productType = "com.apple.product-type.framework";
		};
/* End PBXNativeTarget section */

/* Begin PBXProject section */
		22B1C818199E636C000090AF /* Project object */ = {
			isa = PBXProject;
			attributes = {
				LastUpgradeCheck = 0600;
				ORGANIZATIONNAME = "Tim Oliver";
				TargetAttributes = {
					22B1C81F199E636C000090AF = {
						CreatedOnToolsVersion = 6.0;
					};
					89CB98731B12DD9B00C87160 = {
						CreatedOnToolsVersion = 6.3.2;
					};
				};
			};
			buildConfigurationList = 22B1C81B199E636C000090AF /* Build configuration list for PBXProject "TOBrowserActivityKitExample" */;
			compatibilityVersion = "Xcode 3.2";
			developmentRegion = English;
			hasScannedForEncodings = 0;
			knownRegions = (
				en,
				Base,
			);
			mainGroup = 22B1C817199E636C000090AF;
			productRefGroup = 22B1C821199E636C000090AF /* Products */;
			projectDirPath = "";
			projectRoot = "";
			targets = (
				22B1C81F199E636C000090AF /* TOBrowserActivityKitExample */,
				89CB98731B12DD9B00C87160 /* TOBrowserActivityKit */,
			);
		};
/* End PBXProject section */

/* Begin PBXResourcesBuildPhase section */
		22B1C81E199E636C000090AF /* Resources */ = {
			isa = PBXResourcesBuildPhase;
			buildActionMask = 2147483647;
			files = (
				22B1C858199E676D000090AF /* Main~iPhone.storyboard in Resources */,
				22B1C850199E6411000090AF /* Images.xcassets in Resources */,
			);
			runOnlyForDeploymentPostprocessing = 0;
		};
		89CB98721B12DD9B00C87160 /* Resources */ = {
			isa = PBXResourcesBuildPhase;
			buildActionMask = 2147483647;
			files = (
			);
			runOnlyForDeploymentPostprocessing = 0;
		};
/* End PBXResourcesBuildPhase section */

/* Begin PBXSourcesBuildPhase section */
		22B1C81C199E636C000090AF /* Sources */ = {
			isa = PBXSourcesBuildPhase;
			buildActionMask = 2147483647;
			files = (
				22B1C848199E63F0000090AF /* AppDelegate.m in Sources */,
				22B1C854199E6428000090AF /* main.m in Sources */,
				22B1C84B199E63F7000090AF /* ViewController.m in Sources */,
				22B1C85F199E690D000090AF /* TOActivitySafari.m in Sources */,
				22B1C85E199E690D000090AF /* TOActivityChrome.m in Sources */,
			);
			runOnlyForDeploymentPostprocessing = 0;
		};
		89CB986F1B12DD9B00C87160 /* Sources */ = {
			isa = PBXSourcesBuildPhase;
			buildActionMask = 2147483647;
			files = (
				89CB988D1B12DDE600C87160 /* TOActivitySafari.m in Sources */,
				89CB988E1B12DDE900C87160 /* TOActivityChrome.m in Sources */,
			);
			runOnlyForDeploymentPostprocessing = 0;
		};
/* End PBXSourcesBuildPhase section */

/* Begin XCBuildConfiguration section */
		22B1C83E199E636C000090AF /* Debug */ = {
			isa = XCBuildConfiguration;
			buildSettings = {
				ALWAYS_SEARCH_USER_PATHS = NO;
				CLANG_CXX_LANGUAGE_STANDARD = "gnu++0x";
				CLANG_CXX_LIBRARY = "libc++";
				CLANG_ENABLE_MODULES = YES;
				CLANG_ENABLE_OBJC_ARC = YES;
				CLANG_WARN_BOOL_CONVERSION = YES;
				CLANG_WARN_CONSTANT_CONVERSION = YES;
				CLANG_WARN_DIRECT_OBJC_ISA_USAGE = YES_ERROR;
				CLANG_WARN_EMPTY_BODY = YES;
				CLANG_WARN_ENUM_CONVERSION = YES;
				CLANG_WARN_INT_CONVERSION = YES;
				CLANG_WARN_OBJC_ROOT_CLASS = YES_ERROR;
				CLANG_WARN_UNREACHABLE_CODE = YES;
				CLANG_WARN__DUPLICATE_METHOD_MATCH = YES;
				"CODE_SIGN_IDENTITY[sdk=iphoneos*]" = "iPhone Developer";
				COPY_PHASE_STRIP = NO;
				ENABLE_STRICT_OBJC_MSGSEND = YES;
				GCC_C_LANGUAGE_STANDARD = gnu99;
				GCC_DYNAMIC_NO_PIC = NO;
				GCC_OPTIMIZATION_LEVEL = 0;
				GCC_PREPROCESSOR_DEFINITIONS = (
					"DEBUG=1",
					"$(inherited)",
				);
				GCC_SYMBOLS_PRIVATE_EXTERN = NO;
				GCC_WARN_64_TO_32_BIT_CONVERSION = YES;
				GCC_WARN_ABOUT_RETURN_TYPE = YES_ERROR;
				GCC_WARN_UNDECLARED_SELECTOR = YES;
				GCC_WARN_UNINITIALIZED_AUTOS = YES_AGGRESSIVE;
				GCC_WARN_UNUSED_FUNCTION = YES;
				GCC_WARN_UNUSED_VARIABLE = YES;
				IPHONEOS_DEPLOYMENT_TARGET = 8.0;
				MTL_ENABLE_DEBUG_INFO = YES;
				ONLY_ACTIVE_ARCH = YES;
				SDKROOT = iphoneos;
				TARGETED_DEVICE_FAMILY = "1,2";
			};
			name = Debug;
		};
		22B1C83F199E636C000090AF /* Release */ = {
			isa = XCBuildConfiguration;
			buildSettings = {
				ALWAYS_SEARCH_USER_PATHS = NO;
				CLANG_CXX_LANGUAGE_STANDARD = "gnu++0x";
				CLANG_CXX_LIBRARY = "libc++";
				CLANG_ENABLE_MODULES = YES;
				CLANG_ENABLE_OBJC_ARC = YES;
				CLANG_WARN_BOOL_CONVERSION = YES;
				CLANG_WARN_CONSTANT_CONVERSION = YES;
				CLANG_WARN_DIRECT_OBJC_ISA_USAGE = YES_ERROR;
				CLANG_WARN_EMPTY_BODY = YES;
				CLANG_WARN_ENUM_CONVERSION = YES;
				CLANG_WARN_INT_CONVERSION = YES;
				CLANG_WARN_OBJC_ROOT_CLASS = YES_ERROR;
				CLANG_WARN_UNREACHABLE_CODE = YES;
				CLANG_WARN__DUPLICATE_METHOD_MATCH = YES;
				"CODE_SIGN_IDENTITY[sdk=iphoneos*]" = "iPhone Developer";
				COPY_PHASE_STRIP = YES;
				ENABLE_NS_ASSERTIONS = NO;
				ENABLE_STRICT_OBJC_MSGSEND = YES;
				GCC_C_LANGUAGE_STANDARD = gnu99;
				GCC_WARN_64_TO_32_BIT_CONVERSION = YES;
				GCC_WARN_ABOUT_RETURN_TYPE = YES_ERROR;
				GCC_WARN_UNDECLARED_SELECTOR = YES;
				GCC_WARN_UNINITIALIZED_AUTOS = YES_AGGRESSIVE;
				GCC_WARN_UNUSED_FUNCTION = YES;
				GCC_WARN_UNUSED_VARIABLE = YES;
				IPHONEOS_DEPLOYMENT_TARGET = 8.0;
				MTL_ENABLE_DEBUG_INFO = NO;
				SDKROOT = iphoneos;
				TARGETED_DEVICE_FAMILY = "1,2";
				VALIDATE_PRODUCT = YES;
			};
			name = Release;
		};
		22B1C841199E636C000090AF /* Debug */ = {
			isa = XCBuildConfiguration;
			buildSettings = {
				ASSETCATALOG_COMPILER_APPICON_NAME = AppIcon;
				ASSETCATALOG_COMPILER_LAUNCHIMAGE_NAME = LaunchImage;
				INFOPLIST_FILE = "$(SRCROOT)/TOBrowserActivityKitExample/Info.plist";
				IPHONEOS_DEPLOYMENT_TARGET = 6.0;
				LD_RUNPATH_SEARCH_PATHS = "$(inherited) @executable_path/Frameworks";
				PRODUCT_NAME = TOBrowserActivityKitExample;
				TARGETED_DEVICE_FAMILY = "1,2";
			};
			name = Debug;
		};
		22B1C842199E636C000090AF /* Release */ = {
			isa = XCBuildConfiguration;
			buildSettings = {
				ASSETCATALOG_COMPILER_APPICON_NAME = AppIcon;
				ASSETCATALOG_COMPILER_LAUNCHIMAGE_NAME = LaunchImage;
				INFOPLIST_FILE = "$(SRCROOT)/TOBrowserActivityKitExample/Info.plist";
				IPHONEOS_DEPLOYMENT_TARGET = 6.0;
				LD_RUNPATH_SEARCH_PATHS = "$(inherited) @executable_path/Frameworks";
				PRODUCT_NAME = TOBrowserActivityKitExample;
				TARGETED_DEVICE_FAMILY = "1,2";
			};
			name = Release;
		};
		89CB98871B12DD9B00C87160 /* Debug */ = {
			isa = XCBuildConfiguration;
			buildSettings = {
				CURRENT_PROJECT_VERSION = 1;
				DEBUG_INFORMATION_FORMAT = "dwarf-with-dsym";
				DEFINES_MODULE = YES;
				DYLIB_COMPATIBILITY_VERSION = 1;
				DYLIB_CURRENT_VERSION = 1;
				DYLIB_INSTALL_NAME_BASE = "@rpath";
				GCC_NO_COMMON_BLOCKS = YES;
				GCC_PREPROCESSOR_DEFINITIONS = (
					"DEBUG=1",
					"$(inherited)",
				);
				INFOPLIST_FILE = TOBrowserActivityKit/Info.plist;
				INSTALL_PATH = "$(LOCAL_LIBRARY_DIR)/Frameworks";
				IPHONEOS_DEPLOYMENT_TARGET = 8.3;
				LD_RUNPATH_SEARCH_PATHS = "$(inherited) @executable_path/Frameworks @loader_path/Frameworks";
				PRODUCT_NAME = "$(TARGET_NAME)";
				SKIP_INSTALL = YES;
				VERSIONING_SYSTEM = "apple-generic";
				VERSION_INFO_PREFIX = "";
			};
			name = Debug;
		};
		89CB98881B12DD9B00C87160 /* Release */ = {
			isa = XCBuildConfiguration;
			buildSettings = {
				COPY_PHASE_STRIP = NO;
				CURRENT_PROJECT_VERSION = 1;
				DEBUG_INFORMATION_FORMAT = "dwarf-with-dsym";
				DEFINES_MODULE = YES;
				DYLIB_COMPATIBILITY_VERSION = 1;
				DYLIB_CURRENT_VERSION = 1;
				DYLIB_INSTALL_NAME_BASE = "@rpath";
				GCC_NO_COMMON_BLOCKS = YES;
				INFOPLIST_FILE = TOBrowserActivityKit/Info.plist;
				INSTALL_PATH = "$(LOCAL_LIBRARY_DIR)/Frameworks";
				IPHONEOS_DEPLOYMENT_TARGET = 8.3;
				LD_RUNPATH_SEARCH_PATHS = "$(inherited) @executable_path/Frameworks @loader_path/Frameworks";
				PRODUCT_NAME = "$(TARGET_NAME)";
				SKIP_INSTALL = YES;
				VERSIONING_SYSTEM = "apple-generic";
				VERSION_INFO_PREFIX = "";
			};
			name = Release;
		};
/* End XCBuildConfiguration section */

/* Begin XCConfigurationList section */
		22B1C81B199E636C000090AF /* Build configuration list for PBXProject "TOBrowserActivityKitExample" */ = {
			isa = XCConfigurationList;
			buildConfigurations = (
				22B1C83E199E636C000090AF /* Debug */,
				22B1C83F199E636C000090AF /* Release */,
			);
			defaultConfigurationIsVisible = 0;
			defaultConfigurationName = Release;
		};
		22B1C840199E636C000090AF /* Build configuration list for PBXNativeTarget "TOBrowserActivityKitExample" */ = {
			isa = XCConfigurationList;
			buildConfigurations = (
				22B1C841199E636C000090AF /* Debug */,
				22B1C842199E636C000090AF /* Release */,
			);
			defaultConfigurationIsVisible = 0;
			defaultConfigurationName = Release;
		};
		89CB988B1B12DD9B00C87160 /* Build configuration list for PBXNativeTarget "TOBrowserActivityKit" */ = {
			isa = XCConfigurationList;
			buildConfigurations = (
				89CB98871B12DD9B00C87160 /* Debug */,
				89CB98881B12DD9B00C87160 /* Release */,
			);
			defaultConfigurationIsVisible = 0;
		};
/* End XCConfigurationList section */
	};
	rootObject = 22B1C818199E636C000090AF /* Project object */;
}
